
Microsoft Visual Studio Solution File, Format Version 12.00
# Visual Studio Version 16
VisualStudioVersion = 16.0.31112.23
MinimumVisualStudioVersion = 10.0.40219.1
Project("{FAE04EC0-301F-11D3-BF4B-00C04F79EFBC}") = "Blog.Shared", "Blog.Shared\Blog.Shared.csproj", "{C94CF41D-64A3-40BC-A25D-B638D888AECE}"
EndProject
Project("{FAE04EC0-301F-11D3-BF4B-00C04F79EFBC}") = "Blog.Entities", "Blog.Entities\Blog.Entities.csproj", "{07E5BD4A-8393-445E-9B57-54314944A6C0}"
EndProject
Project("{FAE04EC0-301F-11D3-BF4B-00C04F79EFBC}") = "Blog.Data", "Blog.Data\Blog.Data.csproj", "{CDF04075-30A8-4042-BFA2-FF3C210C3E1D}"
EndProject
Project("{FAE04EC0-301F-11D3-BF4B-00C04F79EFBC}") = "Blog.Services", "Blog.Services\Blog.Services.csproj", "{C2FDF5FA-28F0-4909-A5D4-8C35EFD4804E}"
EndProject
Project("{FAE04EC0-301F-11D3-BF4B-00C04F79EFBC}") = "Blog.Mvc", "Blog.Mvc\Blog.Mvc.csproj", "{EFE86911-47BC-411F-BAAA-CA61F1987A74}"
EndProject
Global
	GlobalSection(SolutionConfigurationPlatforms) = preSolution
		Debug|Any CPU = Debug|Any CPU
		Release|Any CPU = Release|Any CPU
	EndGlobalSection
	GlobalSection(ProjectConfigurationPlatforms) = postSolution
		{C94CF41D-64A3-40BC-A25D-B638D888AECE}.Debug|Any CPU.ActiveCfg = Debug|Any CPU
		{C94CF41D-64A3-40BC-A25D-B638D888AECE}.Debug|Any CPU.Build.0 = Debug|Any CPU
		{C94CF41D-64A3-40BC-A25D-B638D888AECE}.Release|Any CPU.ActiveCfg = Release|Any CPU
		{C94CF41D-64A3-40BC-A25D-B638D888AECE}.Release|Any CPU.Build.0 = Release|Any CPU
		{07E5BD4A-8393-445E-9B57-54314944A6C0}.Debug|Any CPU.ActiveCfg = Debug|Any CPU
		{07E5BD4A-8393-445E-9B57-54314944A6C0}.Debug|Any CPU.Build.0 = Debug|Any CPU
		{07E5BD4A-8393-445E-9B57-54314944A6C0}.Release|Any CPU.ActiveCfg = Release|Any CPU
		{07E5BD4A-8393-445E-9B57-54314944A6C0}.Release|Any CPU.Build.0 = Release|Any CPU
		{CDF04075-30A8-4042-BFA2-FF3C210C3E1D}.Debug|Any CPU.ActiveCfg = Debug|Any CPU
		{CDF04075-30A8-4042-BFA2-FF3C210C3E1D}.Debug|Any CPU.Build.0 = Debug|Any CPU
		{CDF04075-30A8-4042-BFA2-FF3C210C3E1D}.Release|Any CPU.ActiveCfg = Release|Any CPU
		{CDF04075-30A8-4042-BFA2-FF3C210C3E1D}.Release|Any CPU.Build.0 = Release|Any CPU
		{C2FDF5FA-28F0-4909-A5D4-8C35EFD4804E}.Debug|Any CPU.ActiveCfg = Debug|Any CPU
		{C2FDF5FA-28F0-4909-A5D4-8C35EFD4804E}.Debug|Any CPU.Build.0 = Debug|Any CPU
		{C2FDF5FA-28F0-4909-A5D4-8C35EFD4804E}.Release|Any CPU.ActiveCfg = Release|Any CPU
		{C2FDF5FA-28F0-4909-A5D4-8C35EFD4804E}.Release|Any CPU.Build.0 = Release|Any CPU
		{EFE86911-47BC-411F-BAAA-CA61F1987A74}.Debug|Any CPU.ActiveCfg = Debug|Any CPU
		{EFE86911-47BC-411F-BAAA-CA61F1987A74}.Debug|Any CPU.Build.0 = Debug|Any CPU
		{EFE86911-47BC-411F-BAAA-CA61F1987A74}.Release|Any CPU.ActiveCfg = Release|Any CPU
		{EFE86911-47BC-411F-BAAA-CA61F1987A74}.Release|Any CPU.Build.0 = Release|Any CPU
	EndGlobalSection
	GlobalSection(SolutionProperties) = preSolution
		HideSolutionNode = FALSE
	EndGlobalSection
	GlobalSection(ExtensibilityGlobals) = postSolution
		SolutionGuid = {46B2308A-3995-4247-BFDF-29AF84FF23BB}
	EndGlobalSection
EndGlobal
